
Microsoft Visual Studio Solution File, Format Version 12.00
Project("{FAE04EC0-301F-11D3-BF4B-00C04F79EFBC}") = "AniRun.Domain", "AniRun.Domain\AniRun.Domain.csproj", "{40083A9B-6CD6-451C-B482-3B4936E2B188}"
EndProject
Project("{FAE04EC0-301F-11D3-BF4B-00C04F79EFBC}") = "AniRun.DomainServices", "AniRun.DomainServices\AniRun.DomainServices.csproj", "{C6697020-24F2-4976-A832-146EA13E80E4}"
EndProject
Project("{FAE04EC0-301F-11D3-BF4B-00C04F79EFBC}") = "AniRun.Application", "AniRun.Application\AniRun.Application.csproj", "{FB3E7FF4-80A8-4471-971B-5AB7169E2A95}"
EndProject
Project("{FAE04EC0-301F-11D3-BF4B-00C04F79EFBC}") = "AniRun.Persistence", "AniRun.Persistence\AniRun.Persistence.csproj", "{C79F02E1-3334-49BC-96C0-212C7E819764}"
EndProject
Project("{FAE04EC0-301F-11D3-BF4B-00C04F79EFBC}") = "AniRun", "AniRun\AniRun.csproj", "{C912B5D2-30A6-4BC2-A503-20A170419608}"
EndProject
Project("{FAE04EC0-301F-11D3-BF4B-00C04F79EFBC}") = "AniRun.Web", "AniRun.Web\AniRun.Web.csproj", "{8DEFE4A5-73B2-4746-9B7D-98831891DC20}"
EndProject
Global
	GlobalSection(SolutionConfigurationPlatforms) = preSolution
		Debug|Any CPU = Debug|Any CPU
		Release|Any CPU = Release|Any CPU
	EndGlobalSection
	GlobalSection(ProjectConfigurationPlatforms) = postSolution
		{40083A9B-6CD6-451C-B482-3B4936E2B188}.Debug|Any CPU.ActiveCfg = Debug|Any CPU
		{40083A9B-6CD6-451C-B482-3B4936E2B188}.Debug|Any CPU.Build.0 = Debug|Any CPU
		{40083A9B-6CD6-451C-B482-3B4936E2B188}.Release|Any CPU.ActiveCfg = Release|Any CPU
		{40083A9B-6CD6-451C-B482-3B4936E2B188}.Release|Any CPU.Build.0 = Release|Any CPU
		{C6697020-24F2-4976-A832-146EA13E80E4}.Debug|Any CPU.ActiveCfg = Debug|Any CPU
		{C6697020-24F2-4976-A832-146EA13E80E4}.Debug|Any CPU.Build.0 = Debug|Any CPU
		{C6697020-24F2-4976-A832-146EA13E80E4}.Release|Any CPU.ActiveCfg = Release|Any CPU
		{C6697020-24F2-4976-A832-146EA13E80E4}.Release|Any CPU.Build.0 = Release|Any CPU
		{FB3E7FF4-80A8-4471-971B-5AB7169E2A95}.Debug|Any CPU.ActiveCfg = Debug|Any CPU
		{FB3E7FF4-80A8-4471-971B-5AB7169E2A95}.Debug|Any CPU.Build.0 = Debug|Any CPU
		{FB3E7FF4-80A8-4471-971B-5AB7169E2A95}.Release|Any CPU.ActiveCfg = Release|Any CPU
		{FB3E7FF4-80A8-4471-971B-5AB7169E2A95}.Release|Any CPU.Build.0 = Release|Any CPU
		{C79F02E1-3334-49BC-96C0-212C7E819764}.Debug|Any CPU.ActiveCfg = Debug|Any CPU
		{C79F02E1-3334-49BC-96C0-212C7E819764}.Debug|Any CPU.Build.0 = Debug|Any CPU
		{C79F02E1-3334-49BC-96C0-212C7E819764}.Release|Any CPU.ActiveCfg = Release|Any CPU
		{C79F02E1-3334-49BC-96C0-212C7E819764}.Release|Any CPU.Build.0 = Release|Any CPU
		{C912B5D2-30A6-4BC2-A503-20A170419608}.Debug|Any CPU.ActiveCfg = Debug|Any CPU
		{C912B5D2-30A6-4BC2-A503-20A170419608}.Debug|Any CPU.Build.0 = Debug|Any CPU
		{C912B5D2-30A6-4BC2-A503-20A170419608}.Release|Any CPU.ActiveCfg = Release|Any CPU
		{C912B5D2-30A6-4BC2-A503-20A170419608}.Release|Any CPU.Build.0 = Release|Any CPU
		{8DEFE4A5-73B2-4746-9B7D-98831891DC20}.Debug|Any CPU.ActiveCfg = Debug|Any CPU
		{8DEFE4A5-73B2-4746-9B7D-98831891DC20}.Debug|Any CPU.Build.0 = Debug|Any CPU
		{8DEFE4A5-73B2-4746-9B7D-98831891DC20}.Release|Any CPU.ActiveCfg = Release|Any CPU
		{8DEFE4A5-73B2-4746-9B7D-98831891DC20}.Release|Any CPU.Build.0 = Release|Any CPU
	EndGlobalSection
EndGlobal
